Microsoft Visual Studio Solution File, Format Version 12.0
# Visual Studio Version 17
VisualStudioVersion = 17.13.35825.156
MinimumVisualStudioVersion = 10.0.40219.1
Project("{FAE04EC0-301F-11D3-BF4B-00C04F79EFBC}") = "ControllerToViewDataPass", "ControllerToViewDataPass\ControllerToViewDataPass.csproj", "{5C9C9F8E-597F-4546-B1F5-92DB4BC0FE28}"
EndProject
Global
	GlobalSection(SolutionConfigurationPlatforms) = preSolution
		Debug|Any CPU = Debug|Any CPU
		Release|Any CPU = Release|Any CPU
	EndGlobalSection
	GlobalSection(ProjectConfigurationPlatforms) = postSolution
		{5C9C9F8E-597F-4546-B1F5-92DB4BC0FE28}.Debug|Any CPU.ActiveCfg = Debug|Any CPU
		{5C9C9F8E-597F-4546-B1F5-92DB4BC0FE28}.Debug|Any CPU.Build.0 = Debug|Any CPU
		{5C9C9F8E-597F-4546-B1F5-92DB4BC0FE28}.Release|Any CPU.ActiveCfg = Release|Any CPU
		{5C9C9F8E-597F-4546-B1F5-92DB4BC0FE28}.Release|Any CPU.Build.0 = Release|Any CPU
	EndGlobalSection
	GlobalSection(SolutionProperties) = preSolution
		HideSolutionNode = FALSE
	EndGlobalSection
	GlobalSection(ExtensibilityGlobals) = postSolution
		SolutionGuid = {E448342B-42CC-4CA2-A392-65A2AC22699F}
	EndGlobalSection
EndGlobal
